{
    "_readme": [
        "This file locks the dependencies of your project to a known state",
        "Read more about it at https://getcomposer.org/doc/01-basic-usage.md#installing-dependencies",
        "This file is @generated automatically"
    ],
    "content-hash": "f64ed6ae2843a53b56a14c34061d7287",
    "packages": [
        {
            "name": "wpackio/enqueue",
            "version": "2.1.0",
            "source": {
                "type": "git",
                "url": "https://github.com/swashata/wpackio-enqueue.git",
                "reference": "202b4535b2ada19a9f44bb6cc93d2d16251f6dc9"
            },
            "dist": {
                "type": "zip",
                "url": "https://api.github.com/repos/swashata/wpackio-enqueue/zipball/202b4535b2ada19a9f44bb6cc93d2d16251f6dc9",
                "reference": "202b4535b2ada19a9f44bb6cc93d2d16251f6dc9",
                "shasum": ""
            },
            "require-dev": {
                "brain/monkey": "^2.2.0",
                "dealerdirect/phpcodesniffer-composer-installer": "^0.5",
                "giacocorsiglia/wordpress-stubs": "^4.9.5",
                "phpcompatibility/phpcompatibility-wp": "^2.1.0",
                "phpunit/phpunit": "^7.3.0",
                "spatie/phpunit-snapshot-assertions": "^1.3.1",
                "wp-coding-standards/wpcs": "^2.2"
            },
            "type": "library",
            "autoload": {
                "psr-4": {
                    "WPackio\\": "inc"
                }
            },
            "notification-url": "https://packagist.org/downloads/",
            "license": [
                "MIT"
            ],
            "authors": [
                {
                    "name": "Swashata Ghosh",
                    "email": "swashata4u@gmail.com"
                }
            ],
            "description": "API to enqueue assets generated by @wpackio/scripts into your WordPress plugin or theme.",
            "time": "2019-12-12T07:27:23+00:00"
        }
    ],
    "packages-dev": [],
    "aliases": [],
    "minimum-stability": "stable",
    "stability-flags": [],
    "prefer-stable": false,
    "prefer-lowest": false,
    "platform": [],
    "platform-dev": []
}
